
Microsoft Visual Studio Solution File, Format Version 12.00
# Visual Studio Version 17
VisualStudioVersion = 17.5.33530.505
MinimumVisualStudioVersion = 10.0.40219.1
Project("{FAE04EC0-301F-11D3-BF4B-00C04F79EFBC}") = "Text-Tools", "Text-Tools\Text-Tools.csproj", "{FEBF597B-1F75-49BF-9B94-6F338D981EF0}"
EndProject
Global
	GlobalSection(SolutionConfigurationPlatforms) = preSolution
		Debug|Any CPU = Debug|Any CPU
		Release|Any CPU = Release|Any CPU
	EndGlobalSection
	GlobalSection(ProjectConfigurationPlatforms) = postSolution
		{FEBF597B-1F75-49BF-9B94-6F338D981EF0}.Debug|Any CPU.ActiveCfg = Debug|Any CPU
		{FEBF597B-1F75-49BF-9B94-6F338D981EF0}.Debug|Any CPU.Build.0 = Debug|Any CPU
		{FEBF597B-1F75-49BF-9B94-6F338D981EF0}.Release|Any CPU.ActiveCfg = Release|Any CPU
		{FEBF597B-1F75-49BF-9B94-6F338D981EF0}.Release|Any CPU.Build.0 = Release|Any CPU
	EndGlobalSection
	GlobalSection(SolutionProperties) = preSolution
		HideSolutionNode = FALSE
	EndGlobalSection
	GlobalSection(ExtensibilityGlobals) = postSolution
		SolutionGuid = {E6EA49A2-31DE-407E-8789-142955C9248C}
	EndGlobalSection
EndGlobal
